
Microsoft Visual Studio Solution File, Format Version 12.00
# Visual Studio Version 17
VisualStudioVersion = 17.3.32901.215
MinimumVisualStudioVersion = 10.0.40219.1
Project("{FAE04EC0-301F-11D3-BF4B-00C04F79EFBC}") = "WebApiJWT", "WebApiJWT\WebApiJWT.csproj", "{6BFD5D04-626E-4A62-A768-388999F81DCE}"
EndProject
Global
	GlobalSection(SolutionConfigurationPlatforms) = preSolution
		Debug|Any CPU = Debug|Any CPU
		Release|Any CPU = Release|Any CPU
	EndGlobalSection
	GlobalSection(ProjectConfigurationPlatforms) = postSolution
		{6BFD5D04-626E-4A62-A768-388999F81DCE}.Debug|Any CPU.ActiveCfg = Debug|Any CPU
		{6BFD5D04-626E-4A62-A768-388999F81DCE}.Debug|Any CPU.Build.0 = Debug|Any CPU
		{6BFD5D04-626E-4A62-A768-388999F81DCE}.Release|Any CPU.ActiveCfg = Release|Any CPU
		{6BFD5D04-626E-4A62-A768-388999F81DCE}.Release|Any CPU.Build.0 = Release|Any CPU
	EndGlobalSection
	GlobalSection(SolutionProperties) = preSolution
		HideSolutionNode = FALSE
	EndGlobalSection
	GlobalSection(ExtensibilityGlobals) = postSolution
		SolutionGuid = {E38FF7C8-0C51-4144-98F9-EDB1C17D72A2}
	EndGlobalSection
EndGlobal
