
Microsoft Visual Studio Solution File, Format Version 12.00
# Visual Studio Version 17
VisualStudioVersion = 17.3.32901.215
MinimumVisualStudioVersion = 10.0.40219.1
Project("{FAE04EC0-301F-11D3-BF4B-00C04F79EFBC}") = "MoveShape", "MoveShape\MoveShape.csproj", "{FBE7CD55-EB29-47AD-9646-1A9B8F78AFF4}"
EndProject
Global
	GlobalSection(SolutionConfigurationPlatforms) = preSolution
		Debug|Any CPU = Debug|Any CPU
		Release|Any CPU = Release|Any CPU
	EndGlobalSection
	GlobalSection(ProjectConfigurationPlatforms) = postSolution
		{FBE7CD55-EB29-47AD-9646-1A9B8F78AFF4}.Debug|Any CPU.ActiveCfg = Debug|Any CPU
		{FBE7CD55-EB29-47AD-9646-1A9B8F78AFF4}.Debug|Any CPU.Build.0 = Debug|Any CPU
		{FBE7CD55-EB29-47AD-9646-1A9B8F78AFF4}.Release|Any CPU.ActiveCfg = Release|Any CPU
		{FBE7CD55-EB29-47AD-9646-1A9B8F78AFF4}.Release|Any CPU.Build.0 = Release|Any CPU
	EndGlobalSection
	GlobalSection(SolutionProperties) = preSolution
		HideSolutionNode = FALSE
	EndGlobalSection
	GlobalSection(ExtensibilityGlobals) = postSolution
		SolutionGuid = {C5ACEBA4-B9BD-4843-9C62-1E378477331C}
	EndGlobalSection
EndGlobal
