
Microsoft Visual Studio Solution File, Format Version 12.00
# Visual Studio Version 17
VisualStudioVersion = 17.3.32901.215
MinimumVisualStudioVersion = 10.0.40219.1
Project("{FAE04EC0-301F-11D3-BF4B-00C04F79EFBC}") = "WebApiSimple", "WebApiSimple\WebApiSimple.csproj", "{9B262301-99AA-4B1B-9E48-2838D20C93AD}"
EndProject
Global
	GlobalSection(SolutionConfigurationPlatforms) = preSolution
		Debug|Any CPU = Debug|Any CPU
		Release|Any CPU = Release|Any CPU
	EndGlobalSection
	GlobalSection(ProjectConfigurationPlatforms) = postSolution
		{9B262301-99AA-4B1B-9E48-2838D20C93AD}.Debug|Any CPU.ActiveCfg = Debug|Any CPU
		{9B262301-99AA-4B1B-9E48-2838D20C93AD}.Debug|Any CPU.Build.0 = Debug|Any CPU
		{9B262301-99AA-4B1B-9E48-2838D20C93AD}.Release|Any CPU.ActiveCfg = Release|Any CPU
		{9B262301-99AA-4B1B-9E48-2838D20C93AD}.Release|Any CPU.Build.0 = Release|Any CPU
	EndGlobalSection
	GlobalSection(SolutionProperties) = preSolution
		HideSolutionNode = FALSE
	EndGlobalSection
	GlobalSection(ExtensibilityGlobals) = postSolution
		SolutionGuid = {7DEAE737-C0F0-42AD-8844-03E40356D0E4}
	EndGlobalSection
EndGlobal
